
Microsoft Visual Studio Solution File, Format Version 12.00
# Visual Studio 15
VisualStudioVersion = 15.0.28307.572
MinimumVisualStudioVersion = 10.0.40219.1
Project("{FAE04EC0-301F-11D3-BF4B-00C04F79EFBC}") = "GameOfLife", "GameOfLife\GameOfLife.csproj", "{73DD1762-6149-4640-A2DF-DC3BD363D3BE}"
EndProject
Project("{FAE04EC0-301F-11D3-BF4B-00C04F79EFBC}") = "GameOfLife.Tests", "GameOfLife.Tests\GameOfLife.Tests.csproj", "{C0B65C2B-9423-4336-A536-0242B5007542}"
EndProject
Global
	GlobalSection(SolutionConfigurationPlatforms) = preSolution
		Debug|Any CPU = Debug|Any CPU
		Release|Any CPU = Release|Any CPU
	EndGlobalSection
	GlobalSection(ProjectConfigurationPlatforms) = postSolution
		{73DD1762-6149-4640-A2DF-DC3BD363D3BE}.Debug|Any CPU.ActiveCfg = Debug|Any CPU
		{73DD1762-6149-4640-A2DF-DC3BD363D3BE}.Debug|Any CPU.Build.0 = Debug|Any CPU
		{73DD1762-6149-4640-A2DF-DC3BD363D3BE}.Release|Any CPU.ActiveCfg = Release|Any CPU
		{73DD1762-6149-4640-A2DF-DC3BD363D3BE}.Release|Any CPU.Build.0 = Release|Any CPU
		{C0B65C2B-9423-4336-A536-0242B5007542}.Debug|Any CPU.ActiveCfg = Debug|Any CPU
		{C0B65C2B-9423-4336-A536-0242B5007542}.Debug|Any CPU.Build.0 = Debug|Any CPU
		{C0B65C2B-9423-4336-A536-0242B5007542}.Release|Any CPU.ActiveCfg = Release|Any CPU
		{C0B65C2B-9423-4336-A536-0242B5007542}.Release|Any CPU.Build.0 = Release|Any CPU
	EndGlobalSection
	GlobalSection(SolutionProperties) = preSolution
		HideSolutionNode = FALSE
	EndGlobalSection
	GlobalSection(ExtensibilityGlobals) = postSolution
		SolutionGuid = {621587D4-D932-488C-ADED-BEB757E5AD93}
	EndGlobalSection
EndGlobal
